
Microsoft Visual Studio Solution File, Format Version 12.00
# Visual Studio Version 17
VisualStudioVersion = 17.6.33829.357
MinimumVisualStudioVersion = 10.0.40219.1
Project("{888888A0-9F3D-457C-B088-3A5042F75D52}") = "lab8", "lab8.pyproj", "{CF907741-CBA8-42FC-A38E-70FD13D9D107}"
EndProject
Global
	GlobalSection(SolutionConfigurationPlatforms) = preSolution
		Debug|Any CPU = Debug|Any CPU
		Release|Any CPU = Release|Any CPU
	EndGlobalSection
	GlobalSection(ProjectConfigurationPlatforms) = postSolution
		{CF907741-CBA8-42FC-A38E-70FD13D9D107}.Debug|Any CPU.ActiveCfg = Debug|Any CPU
		{CF907741-CBA8-42FC-A38E-70FD13D9D107}.Release|Any CPU.ActiveCfg = Release|Any CPU
	EndGlobalSection
	GlobalSection(SolutionProperties) = preSolution
		HideSolutionNode = FALSE
	EndGlobalSection
	GlobalSection(ExtensibilityGlobals) = postSolution
		SolutionGuid = {F629B788-43F0-477D-9257-52ABD4C39396}
	EndGlobalSection
EndGlobal
