
Microsoft Visual Studio Solution File, Format Version 12.00
# Visual Studio Version 17
VisualStudioVersion = 17.6.33829.357
MinimumVisualStudioVersion = 10.0.40219.1
Project("{8BC9CEB8-8B4A-11D0-8D11-00A0C91BC942}") = "lab6-7", "lab6-7\lab6-7.vcxproj", "{CE70855C-4875-4699-847B-52761C17EA80}"
EndProject
Global
	GlobalSection(SolutionConfigurationPlatforms) = preSolution
		Debug|x64 = Debug|x64
		Debug|x86 = Debug|x86
		Release|x64 = Release|x64
		Release|x86 = Release|x86
	EndGlobalSection
	GlobalSection(ProjectConfigurationPlatforms) = postSolution
		{CE70855C-4875-4699-847B-52761C17EA80}.Debug|x64.ActiveCfg = Debug|x64
		{CE70855C-4875-4699-847B-52761C17EA80}.Debug|x64.Build.0 = Debug|x64
		{CE70855C-4875-4699-847B-52761C17EA80}.Debug|x86.ActiveCfg = Debug|Win32
		{CE70855C-4875-4699-847B-52761C17EA80}.Debug|x86.Build.0 = Debug|Win32
		{CE70855C-4875-4699-847B-52761C17EA80}.Release|x64.ActiveCfg = Release|x64
		{CE70855C-4875-4699-847B-52761C17EA80}.Release|x64.Build.0 = Release|x64
		{CE70855C-4875-4699-847B-52761C17EA80}.Release|x86.ActiveCfg = Release|Win32
		{CE70855C-4875-4699-847B-52761C17EA80}.Release|x86.Build.0 = Release|Win32
	EndGlobalSection
	GlobalSection(SolutionProperties) = preSolution
		HideSolutionNode = FALSE
	EndGlobalSection
	GlobalSection(ExtensibilityGlobals) = postSolution
		SolutionGuid = {4E59F8C7-8653-4F6B-8C80-4EC79A7F8B97}
	EndGlobalSection
EndGlobal
