
Microsoft Visual Studio Solution File, Format Version 12.00
# Visual Studio Version 17
VisualStudioVersion = 17.6.33829.357
MinimumVisualStudioVersion = 10.0.40219.1
Project("{888888A0-9F3D-457C-B088-3A5042F75D52}") = "lab9", "lab9.pyproj", "{2A9D8D5D-B1D1-4951-A08E-24D1EE4718CE}"
EndProject
Global
	GlobalSection(SolutionConfigurationPlatforms) = preSolution
		Debug|Any CPU = Debug|Any CPU
		Release|Any CPU = Release|Any CPU
	EndGlobalSection
	GlobalSection(ProjectConfigurationPlatforms) = postSolution
		{2A9D8D5D-B1D1-4951-A08E-24D1EE4718CE}.Debug|Any CPU.ActiveCfg = Debug|Any CPU
		{2A9D8D5D-B1D1-4951-A08E-24D1EE4718CE}.Release|Any CPU.ActiveCfg = Release|Any CPU
	EndGlobalSection
	GlobalSection(SolutionProperties) = preSolution
		HideSolutionNode = FALSE
	EndGlobalSection
	GlobalSection(ExtensibilityGlobals) = postSolution
		SolutionGuid = {587724E5-6541-4619-9A03-39B3045FA1DD}
	EndGlobalSection
EndGlobal
